// !$*UTF8*$!
{
	archiveVersion = 1;
	classes = {
	};
	objectVersion = 51;
	objects = {

/* Begin PBXBuildFile section */
		0788B1ED30AE519DE223717B /* Pods_eds.framework in Frameworks */ = {isa = PBXBuildFile; fileRef = 49A018248F37C60BAB1547D4 /* Pods_eds.framework */; };
		4605D14C237297E100558500 /* LogTag.swift in Sources */ = {isa = PBXBuildFile; fileRef = 4605D14B237297E100558500 /* LogTag.swift */; };
		4605D14E2372BF6A00558500 /* Date-Ext.swift in Sources */ = {isa = PBXBuildFile; fileRef = 4605D14D2372BF6A00558500 /* Date-Ext.swift */; };
		4607DC7823FCD0AD00E35015 /* AdditionTableHeaderView.swift in Sources */ = {isa = PBXBuildFile; fileRef = 4607DC7723FCD0AC00E35015 /* AdditionTableHeaderView.swift */; };
		4607DC7A23FE093300E35015 /* DeviceAdditionAlertController.swift in Sources */ = {isa = PBXBuildFile; fileRef = 4607DC7923FE093300E35015 /* DeviceAdditionAlertController.swift */; };
		4607DC7C23FE0D0500E35015 /* LooseTextField.swift in Sources */ = {isa = PBXBuildFile; fileRef = 4607DC7B23FE0D0500E35015 /* LooseTextField.swift */; };
		460BA6D1237A4775008E7CDF /* JsonUtility.swift in Sources */ = {isa = PBXBuildFile; fileRef = 460BA6D0237A4775008E7CDF /* JsonUtility.swift */; };
		460BA6D3237A7ABB008E7CDF /* EDSService.swift in Sources */ = {isa = PBXBuildFile; fileRef = 460BA6D2237A7ABB008E7CDF /* EDSService.swift */; };
		460BA6D5237A934A008E7CDF /* ProjectInfo.swift in Sources */ = {isa = PBXBuildFile; fileRef = 460BA6D4237A934A008E7CDF /* ProjectInfo.swift */; };
		460BA6D7237BCC23008E7CDF /* Workorder.swift in Sources */ = {isa = PBXBuildFile; fileRef = 460BA6D6237BCC23008E7CDF /* Workorder.swift */; };
		460BA6D9237CDB03008E7CDF /* Alarm.swift in Sources */ = {isa = PBXBuildFile; fileRef = 460BA6D8237CDB03008E7CDF /* Alarm.swift */; };
		460BA6DB237CE08A008E7CDF /* Action.swift in Sources */ = {isa = PBXBuildFile; fileRef = 460BA6DA237CE08A008E7CDF /* Action.swift */; };
		460BA6DD237CFE94008E7CDF /* ProjectAccount.swift in Sources */ = {isa = PBXBuildFile; fileRef = 460BA6DC237CFE94008E7CDF /* ProjectAccount.swift */; };
		460BA6DF237D2C9A008E7CDF /* PhoneVerification.swift in Sources */ = {isa = PBXBuildFile; fileRef = 460BA6DE237D2C9A008E7CDF /* PhoneVerification.swift */; };
		460F7234236FC14500CFC7C3 /* AppDelegate.swift in Sources */ = {isa = PBXBuildFile; fileRef = 460F7233236FC14500CFC7C3 /* AppDelegate.swift */; };
		460F7236236FC14500CFC7C3 /* SceneDelegate.swift in Sources */ = {isa = PBXBuildFile; fileRef = 460F7235236FC14500CFC7C3 /* SceneDelegate.swift */; };
		460F7238236FC14500CFC7C3 /* ViewController.swift in Sources */ = {isa = PBXBuildFile; fileRef = 460F7237236FC14500CFC7C3 /* ViewController.swift */; };
		460F723B236FC14500CFC7C3 /* Main.storyboard in Resources */ = {isa = PBXBuildFile; fileRef = 460F7239236FC14500CFC7C3 /* Main.storyboard */; };
		460F723D236FC14600CFC7C3 /* Assets.xcassets in Resources */ = {isa = PBXBuildFile; fileRef = 460F723C236FC14600CFC7C3 /* Assets.xcassets */; };
		460F7240236FC14600CFC7C3 /* LaunchScreen.storyboard in Resources */ = {isa = PBXBuildFile; fileRef = 460F723E236FC14600CFC7C3 /* LaunchScreen.storyboard */; };
		460F726E2371111100CFC7C3 /* WAService.swift in Sources */ = {isa = PBXBuildFile; fileRef = 460F726D2371111100CFC7C3 /* WAService.swift */; };
		460F7270237113B500CFC7C3 /* StringConst.swift in Sources */ = {isa = PBXBuildFile; fileRef = 460F726F237113B500CFC7C3 /* StringConst.swift */; };
		460F727223711D8900CFC7C3 /* EDSConfig.swift in Sources */ = {isa = PBXBuildFile; fileRef = 460F727123711D8900CFC7C3 /* EDSConfig.swift */; };
		46100A7823C2CCDB00C43D1A /* Localizable.strings in Resources */ = {isa = PBXBuildFile; fileRef = 46100A7623C2CCDB00C43D1A /* Localizable.strings */; };
		46100A9C23C5665300C43D1A /* DeviceItemMeterViewController.swift in Sources */ = {isa = PBXBuildFile; fileRef = 46100A9B23C5665300C43D1A /* DeviceItemMeterViewController.swift */; };
		46100AA023C5AA2500C43D1A /* Device.storyboard in Resources */ = {isa = PBXBuildFile; fileRef = 46100A9F23C5AA2500C43D1A /* Device.storyboard */; };
		46100AA223C6D61A00C43D1A /* UIButton-Ext.swift in Sources */ = {isa = PBXBuildFile; fileRef = 46100AA123C6D61A00C43D1A /* UIButton-Ext.swift */; };
		4621271423B197A900105664 /* DeviceListViewController.swift in Sources */ = {isa = PBXBuildFile; fileRef = 4621271323B197A900105664 /* DeviceListViewController.swift */; };
		4621271E23B19FF400105664 /* DeviceDynamicCell.swift in Sources */ = {isa = PBXBuildFile; fileRef = 4621271523B19FF100105664 /* DeviceDynamicCell.swift */; };
		4621271F23B19FF400105664 /* DeviceTextCell.swift in Sources */ = {isa = PBXBuildFile; fileRef = 4621271623B19FF100105664 /* DeviceTextCell.swift */; };
		4621272023B19FF400105664 /* DeviceFixedCell.swift in Sources */ = {isa = PBXBuildFile; fileRef = 4621271723B19FF100105664 /* DeviceFixedCell.swift */; };
		4621272123B19FF400105664 /* DeviceAtsStatusCell.swift in Sources */ = {isa = PBXBuildFile; fileRef = 4621271823B19FF200105664 /* DeviceAtsStatusCell.swift */; };
		4621272223B19FF400105664 /* DeviceButtonCell.swift in Sources */ = {isa = PBXBuildFile; fileRef = 4621271923B19FF200105664 /* DeviceButtonCell.swift */; };
		4621272323B19FF400105664 /* DeviceOnOffCell.swift in Sources */ = {isa = PBXBuildFile; fileRef = 4621271A23B19FF200105664 /* DeviceOnOffCell.swift */; };
		4621272423B19FF400105664 /* DeviceListCell.swift in Sources */ = {isa = PBXBuildFile; fileRef = 4621271B23B19FF300105664 /* DeviceListCell.swift */; };
		4621272523B19FF400105664 /* DeviceRangeCell.swift in Sources */ = {isa = PBXBuildFile; fileRef = 4621271C23B19FF300105664 /* DeviceRangeCell.swift */; };
		4621272623B19FF400105664 /* DeviceBarCell.swift in Sources */ = {isa = PBXBuildFile; fileRef = 4621271D23B19FF400105664 /* DeviceBarCell.swift */; };
		4621272823B1A71A00105664 /* DeviceCellType.swift in Sources */ = {isa = PBXBuildFile; fileRef = 4621272723B1A71A00105664 /* DeviceCellType.swift */; };
		4621272A23B332B500105664 /* TagValueConverter.swift in Sources */ = {isa = PBXBuildFile; fileRef = 4621272923B332B500105664 /* TagValueConverter.swift */; };
		4621272C23B5CDBA00105664 /* DynamicDeviceViewController.swift in Sources */ = {isa = PBXBuildFile; fileRef = 4621272B23B5CDBA00105664 /* DynamicDeviceViewController.swift */; };
		4621273023B5D95A00105664 /* DevicePageTableViewController.swift in Sources */ = {isa = PBXBuildFile; fileRef = 4621272F23B5D95A00105664 /* DevicePageTableViewController.swift */; };
		4621273223B5E8F600105664 /* CAGradientLayer-Ext.swift in Sources */ = {isa = PBXBuildFile; fileRef = 4621273123B5E8F600105664 /* CAGradientLayer-Ext.swift */; };
		4621273423B5EA0A00105664 /* UIConst.swift in Sources */ = {isa = PBXBuildFile; fileRef = 4621273323B5EA0A00105664 /* UIConst.swift */; };
		4621273623B5EF6A00105664 /* DeviceHeaderView.swift in Sources */ = {isa = PBXBuildFile; fileRef = 4621273523B5EF6A00105664 /* DeviceHeaderView.swift */; };
		4621273823B60B9800105664 /* CGPoint-Ext.swift in Sources */ = {isa = PBXBuildFile; fileRef = 4621273723B60B9800105664 /* CGPoint-Ext.swift */; };
		4621273A23B60BE100105664 /* UIColor-Ext.swift in Sources */ = {isa = PBXBuildFile; fileRef = 4621273923B60BE100105664 /* UIColor-Ext.swift */; };
		4621273C23B6205200105664 /* UINavigationController-Ext.swift in Sources */ = {isa = PBXBuildFile; fileRef = 4621273B23B6205200105664 /* UINavigationController-Ext.swift */; };
		46227A3B23C80D4F00768799 /* DeviceTrendChartCell.swift in Sources */ = {isa = PBXBuildFile; fileRef = 46227A3A23C80D4F00768799 /* DeviceTrendChartCell.swift */; };
		46227A3D23C80E1F00768799 /* DeviceTrendAnalysisCell.swift in Sources */ = {isa = PBXBuildFile; fileRef = 46227A3C23C80E1F00768799 /* DeviceTrendAnalysisCell.swift */; };
		46227A3F23C80FA500768799 /* DeviceTrendEvaluationCell.swift in Sources */ = {isa = PBXBuildFile; fileRef = 46227A3E23C80FA500768799 /* DeviceTrendEvaluationCell.swift */; };
		46227A4123C80FF400768799 /* DeviceTrendTableViewController.swift in Sources */ = {isa = PBXBuildFile; fileRef = 46227A4023C80FF400768799 /* DeviceTrendTableViewController.swift */; };
		46227A4323C8231300768799 /* BallonMarker.swift in Sources */ = {isa = PBXBuildFile; fileRef = 46227A4223C8231300768799 /* BallonMarker.swift */; };
		46227A4523C82A4C00768799 /* ViewUtility.swift in Sources */ = {isa = PBXBuildFile; fileRef = 46227A4423C82A4C00768799 /* ViewUtility.swift */; };
		462D23AE23C076C500C28F15 /* IconPagingCell.swift in Sources */ = {isa = PBXBuildFile; fileRef = 462D23AD23C076C500C28F15 /* IconPagingCell.swift */; };
		4670902C23D3FD1E008777ED /* Device.swift in Sources */ = {isa = PBXBuildFile; fileRef = 4670902B23D3FD1E008777ED /* Device.swift */; };
		4670902E23D430B8008777ED /* DeviceUtility.swift in Sources */ = {isa = PBXBuildFile; fileRef = 4670902D23D430B8008777ED /* DeviceUtility.swift */; };
		468BC3C423823738008BD62C /* MQTTService.swift in Sources */ = {isa = PBXBuildFile; fileRef = 468BC3C323823738008BD62C /* MQTTService.swift */; };
		468BC3C623824B50008BD62C /* MQTTConfig.swift in Sources */ = {isa = PBXBuildFile; fileRef = 468BC3C523824B50008BD62C /* MQTTConfig.swift */; };
		468BC3CA23829BA4008BD62C /* MQTTTag.swift in Sources */ = {isa = PBXBuildFile; fileRef = 468BC3C923829BA4008BD62C /* MQTTTag.swift */; };
		469BB70B23CAC47700A57C51 /* RoundLabel.swift in Sources */ = {isa = PBXBuildFile; fileRef = 469BB70A23CAC47700A57C51 /* RoundLabel.swift */; };
		469BB70D23CAEBB800A57C51 /* TrendEvaluation.swift in Sources */ = {isa = PBXBuildFile; fileRef = 469BB70C23CAEBB800A57C51 /* TrendEvaluation.swift */; };
		469BB71923CEA1C800A57C51 /* PasswordView.swift in Sources */ = {isa = PBXBuildFile; fileRef = 469BB71823CEA1C800A57C51 /* PasswordView.swift */; };
		469BB71F23CEDAC800A57C51 /* PasswordViewController.swift in Sources */ = {isa = PBXBuildFile; fileRef = 469BB71E23CEDAC800A57C51 /* PasswordViewController.swift */; };
		469BB72123CEFF6D00A57C51 /* VerifyUtility.swift in Sources */ = {isa = PBXBuildFile; fileRef = 469BB72023CEFF6D00A57C51 /* VerifyUtility.swift */; };
		46B4934F240897800066863D /* FixedDeviceViewController.swift in Sources */ = {isa = PBXBuildFile; fileRef = 46B4934E240897800066863D /* FixedDeviceViewController.swift */; };
		46B49351240899B50066863D /* FixedInfoChildController.swift in Sources */ = {isa = PBXBuildFile; fileRef = 46B49350240899B50066863D /* FixedInfoChildController.swift */; };
		46DC53552411D77400217ECD /* QRCodeUtility.swift in Sources */ = {isa = PBXBuildFile; fileRef = 46DC53542411D77400217ECD /* QRCodeUtility.swift */; };
		46DC53572411E88A00217ECD /* FixedQRCodeCell.swift in Sources */ = {isa = PBXBuildFile; fileRef = 46DC53562411E88A00217ECD /* FixedQRCodeCell.swift */; };
		46DC53592411E8D600217ECD /* FixedGotoCell.swift in Sources */ = {isa = PBXBuildFile; fileRef = 46DC53582411E8D600217ECD /* FixedGotoCell.swift */; };
		46DC535B2412412F00217ECD /* ImageButton.swift in Sources */ = {isa = PBXBuildFile; fileRef = 46DC535A2412412F00217ECD /* ImageButton.swift */; };
		46DEF1A02399F832008780C3 /* Device.json in Resources */ = {isa = PBXBuildFile; fileRef = 46DEF19F2399F832008780C3 /* Device.json */; };
		46DEF1A3239A00F3008780C3 /* DeviceModel.swift in Sources */ = {isa = PBXBuildFile; fileRef = 46DEF1A2239A00F3008780C3 /* DeviceModel.swift */; };
		46DF04A9240B983A00E3DE65 /* FixedInfoCell.swift in Sources */ = {isa = PBXBuildFile; fileRef = 46DF04A8240B983A00E3DE65 /* FixedInfoCell.swift */; };
		46DF04AB240CAD6800E3DE65 /* InfoAlertController.swift in Sources */ = {isa = PBXBuildFile; fileRef = 46DF04AA240CAD6800E3DE65 /* InfoAlertController.swift */; };
		46E0E3D02374074F00116DA2 /* String-Ext.swift in Sources */ = {isa = PBXBuildFile; fileRef = 46E0E3CF2374074F00116DA2 /* String-Ext.swift */; };
		46EBD4782374FDAC00D7E6FC /* User.swift in Sources */ = {isa = PBXBuildFile; fileRef = 46EBD4772374FDAC00D7E6FC /* User.swift */; };
		46EE431D237153DC00DF22FB /* Tag.swift in Sources */ = {isa = PBXBuildFile; fileRef = 46EE431C237153DC00DF22FB /* Tag.swift */; };
		46FB866823BAE87800754E88 /* DevicePageItemSource.swift in Sources */ = {isa = PBXBuildFile; fileRef = 46FB866723BAE87800754E88 /* DevicePageItemSource.swift */; };
		46FB866A23BB17EA00754E88 /* Double-Ext.swift in Sources */ = {isa = PBXBuildFile; fileRef = 46FB866923BB17EA00754E88 /* Double-Ext.swift */; };
		46FD463A2384C35500A796BC /* TagUtility.swift in Sources */ = {isa = PBXBuildFile; fileRef = 46FD46392384C35500A796BC /* TagUtility.swift */; };
/* End PBXBuildFile section */

/* Begin PBXFileReference section */
		11812BFF5D5618F49FD03B4D /* Pods-eds.release.xcconfig */ = {isa = PBXFileReference; includeInIndex = 1; lastKnownFileType = text.xcconfig; name = "Pods-eds.release.xcconfig"; path = "Target Support Files/Pods-eds/Pods-eds.release.xcconfig"; sourceTree = "<group>"; };
		4605D14B237297E100558500 /* LogTag.swift */ = {isa = PBXFileReference; lastKnownFileType = sourcecode.swift; path = LogTag.swift; sourceTree = "<group>"; };
		4605D14D2372BF6A00558500 /* Date-Ext.swift */ = {isa = PBXFileReference; lastKnownFileType = sourcecode.swift; path = "Date-Ext.swift"; sourceTree = "<group>"; };
		4607DC7723FCD0AC00E35015 /* AdditionTableHeaderView.swift */ = {isa = PBXFileReference; lastKnownFileType = sourcecode.swift; path = AdditionTableHeaderView.swift; sourceTree = "<group>"; };
		4607DC7923FE093300E35015 /* DeviceAdditionAlertController.swift */ = {isa = PBXFileReference; lastKnownFileType = sourcecode.swift; path = DeviceAdditionAlertController.swift; sourceTree = "<group>"; };
		4607DC7B23FE0D0500E35015 /* LooseTextField.swift */ = {isa = PBXFileReference; lastKnownFileType = sourcecode.swift; path = LooseTextField.swift; sourceTree = "<group>"; };
		460BA6D0237A4775008E7CDF /* JsonUtility.swift */ = {isa = PBXFileReference; lastKnownFileType = sourcecode.swift; path = JsonUtility.swift; sourceTree = "<group>"; };
		460BA6D2237A7ABB008E7CDF /* EDSService.swift */ = {isa = PBXFileReference; lastKnownFileType = sourcecode.swift; path = EDSService.swift; sourceTree = "<group>"; };
		460BA6D4237A934A008E7CDF /* ProjectInfo.swift */ = {isa = PBXFileReference; lastKnownFileType = sourcecode.swift; path = ProjectInfo.swift; sourceTree = "<group>"; };
		460BA6D6237BCC23008E7CDF /* Workorder.swift */ = {isa = PBXFileReference; lastKnownFileType = sourcecode.swift; path = Workorder.swift; sourceTree = "<group>"; };
		460BA6D8237CDB03008E7CDF /* Alarm.swift */ = {isa = PBXFileReference; lastKnownFileType = sourcecode.swift; path = Alarm.swift; sourceTree = "<group>"; };
		460BA6DA237CE08A008E7CDF /* Action.swift */ = {isa = PBXFileReference; lastKnownFileType = sourcecode.swift; path = Action.swift; sourceTree = "<group>"; };
		460BA6DC237CFE94008E7CDF /* ProjectAccount.swift */ = {isa = PBXFileReference; lastKnownFileType = sourcecode.swift; path = ProjectAccount.swift; sourceTree = "<group>"; };
		460BA6DE237D2C9A008E7CDF /* PhoneVerification.swift */ = {isa = PBXFileReference; lastKnownFileType = sourcecode.swift; path = PhoneVerification.swift; sourceTree = "<group>"; };
		460F7230236FC14500CFC7C3 /* EDS云管理.app */ = {isa = PBXFileReference; explicitFileType = wrapper.application; includeInIndex = 0; path = "EDS云管理.app"; sourceTree = BUILT_PRODUCTS_DIR; };
		460F7233236FC14500CFC7C3 /* AppDelegate.swift */ = {isa = PBXFileReference; lastKnownFileType = sourcecode.swift; path = AppDelegate.swift; sourceTree = "<group>"; };
		460F7235236FC14500CFC7C3 /* SceneDelegate.swift */ = {isa = PBXFileReference; lastKnownFileType = sourcecode.swift; path = SceneDelegate.swift; sourceTree = "<group>"; };
		460F7237236FC14500CFC7C3 /* ViewController.swift */ = {isa = PBXFileReference; lastKnownFileType = sourcecode.swift; path = ViewController.swift; sourceTree = "<group>"; };
		460F723A236FC14500CFC7C3 /* Base */ = {isa = PBXFileReference; lastKnownFileType = file.storyboard; name = Base; path = Base.lproj/Main.storyboard; sourceTree = "<group>"; };
		460F723C236FC14600CFC7C3 /* Assets.xcassets */ = {isa = PBXFileReference; lastKnownFileType = folder.assetcatalog; path = Assets.xcassets; sourceTree = "<group>"; };
		460F723F236FC14600CFC7C3 /* Base */ = {isa = PBXFileReference; lastKnownFileType = file.storyboard; name = Base; path = Base.lproj/LaunchScreen.storyboard; sourceTree = "<group>"; };
		460F7241236FC14600CFC7C3 /* Info.plist */ = {isa = PBXFileReference; lastKnownFileType = text.plist.xml; path = Info.plist; sourceTree = "<group>"; };
		460F726D2371111100CFC7C3 /* WAService.swift */ = {isa = PBXFileReference; lastKnownFileType = sourcecode.swift; path = WAService.swift; sourceTree = "<group>"; };
		460F726F237113B500CFC7C3 /* StringConst.swift */ = {isa = PBXFileReference; lastKnownFileType = sourcecode.swift; path = StringConst.swift; sourceTree = "<group>"; };
		460F727123711D8900CFC7C3 /* EDSConfig.swift */ = {isa = PBXFileReference; lastKnownFileType = sourcecode.swift; path = EDSConfig.swift; sourceTree = "<group>"; };
		46100A7223C2C97000C43D1A /* zh-Hans */ = {isa = PBXFileReference; lastKnownFileType = text.plist.strings; name = "zh-Hans"; path = "zh-Hans.lproj/Main.strings"; sourceTree = "<group>"; };
		46100A7323C2C97100C43D1A /* zh-Hans */ = {isa = PBXFileReference; lastKnownFileType = text.plist.strings; name = "zh-Hans"; path = "zh-Hans.lproj/LaunchScreen.strings"; sourceTree = "<group>"; };
		46100A7723C2CCDB00C43D1A /* zh-Hans */ = {isa = PBXFileReference; lastKnownFileType = text.plist.strings; name = "zh-Hans"; path = "zh-Hans.lproj/Localizable.strings"; sourceTree = "<group>"; };
		46100A9B23C5665300C43D1A /* DeviceItemMeterViewController.swift */ = {isa = PBXFileReference; lastKnownFileType = sourcecode.swift; path = DeviceItemMeterViewController.swift; sourceTree = "<group>"; };
		46100A9F23C5AA2500C43D1A /* Device.storyboard */ = {isa = PBXFileReference; lastKnownFileType = file.storyboard; path = Device.storyboard; sourceTree = "<group>"; };
		46100AA123C6D61A00C43D1A /* UIButton-Ext.swift */ = {isa = PBXFileReference; lastKnownFileType = sourcecode.swift; path = "UIButton-Ext.swift"; sourceTree = "<group>"; };
		4621271323B197A900105664 /* DeviceListViewController.swift */ = {isa = PBXFileReference; lastKnownFileType = sourcecode.swift; path = DeviceListViewController.swift; sourceTree = "<group>"; };
		4621271523B19FF100105664 /* DeviceDynamicCell.swift */ = {isa = PBXFileReference; fileEncoding = 4; lastKnownFileType = sourcecode.swift; path = DeviceDynamicCell.swift; sourceTree = "<group>"; };
		4621271623B19FF100105664 /* DeviceTextCell.swift */ = {isa = PBXFileReference; fileEncoding = 4; lastKnownFileType = sourcecode.swift; path = DeviceTextCell.swift; sourceTree = "<group>"; };
		4621271723B19FF100105664 /* DeviceFixedCell.swift */ = {isa = PBXFileReference; fileEncoding = 4; lastKnownFileType = sourcecode.swift; path = DeviceFixedCell.swift; sourceTree = "<group>"; };
		4621271823B19FF200105664 /* DeviceAtsStatusCell.swift */ = {isa = PBXFileReference; fileEncoding = 4; lastKnownFileType = sourcecode.swift; path = DeviceAtsStatusCell.swift; sourceTree = "<group>"; };
		4621271923B19FF200105664 /* DeviceButtonCell.swift */ = {isa = PBXFileReference; fileEncoding = 4; lastKnownFileType = sourcecode.swift; path = DeviceButtonCell.swift; sourceTree = "<group>"; };
		4621271A23B19FF200105664 /* DeviceOnOffCell.swift */ = {isa = PBXFileReference; fileEncoding = 4; lastKnownFileType = sourcecode.swift; path = DeviceOnOffCell.swift; sourceTree = "<group>"; };
		4621271B23B19FF300105664 /* DeviceListCell.swift */ = {isa = PBXFileReference; fileEncoding = 4; lastKnownFileType = sourcecode.swift; path = DeviceListCell.swift; sourceTree = "<group>"; };
		4621271C23B19FF300105664 /* DeviceRangeCell.swift */ = {isa = PBXFileReference; fileEncoding = 4; lastKnownFileType = sourcecode.swift; path = DeviceRangeCell.swift; sourceTree = "<group>"; };
		4621271D23B19FF400105664 /* DeviceBarCell.swift */ = {isa = PBXFileReference; fileEncoding = 4; lastKnownFileType = sourcecode.swift; path = DeviceBarCell.swift; sourceTree = "<group>"; };
		4621272723B1A71A00105664 /* DeviceCellType.swift */ = {isa = PBXFileReference; lastKnownFileType = sourcecode.swift; path = DeviceCellType.swift; sourceTree = "<group>"; };
		4621272923B332B500105664 /* TagValueConverter.swift */ = {isa = PBXFileReference; lastKnownFileType = sourcecode.swift; path = TagValueConverter.swift; sourceTree = "<group>"; };
		4621272B23B5CDBA00105664 /* DynamicDeviceViewController.swift */ = {isa = PBXFileReference; lastKnownFileType = sourcecode.swift; path = DynamicDeviceViewController.swift; sourceTree = "<group>"; };
		4621272F23B5D95A00105664 /* DevicePageTableViewController.swift */ = {isa = PBXFileReference; lastKnownFileType = sourcecode.swift; path = DevicePageTableViewController.swift; sourceTree = "<group>"; };
		4621273123B5E8F600105664 /* CAGradientLayer-Ext.swift */ = {isa = PBXFileReference; lastKnownFileType = sourcecode.swift; path = "CAGradientLayer-Ext.swift"; sourceTree = "<group>"; };
		4621273323B5EA0A00105664 /* UIConst.swift */ = {isa = PBXFileReference; lastKnownFileType = sourcecode.swift; path = UIConst.swift; sourceTree = "<group>"; };
		4621273523B5EF6A00105664 /* DeviceHeaderView.swift */ = {isa = PBXFileReference; lastKnownFileType = sourcecode.swift; path = DeviceHeaderView.swift; sourceTree = "<group>"; };
		4621273723B60B9800105664 /* CGPoint-Ext.swift */ = {isa = PBXFileReference; lastKnownFileType = sourcecode.swift; path = "CGPoint-Ext.swift"; sourceTree = "<group>"; };
		4621273923B60BE100105664 /* UIColor-Ext.swift */ = {isa = PBXFileReference; lastKnownFileType = sourcecode.swift; path = "UIColor-Ext.swift"; sourceTree = "<group>"; };
		4621273B23B6205200105664 /* UINavigationController-Ext.swift */ = {isa = PBXFileReference; lastKnownFileType = sourcecode.swift; path = "UINavigationController-Ext.swift"; sourceTree = "<group>"; };
		46227A3A23C80D4F00768799 /* DeviceTrendChartCell.swift */ = {isa = PBXFileReference; lastKnownFileType = sourcecode.swift; path = DeviceTrendChartCell.swift; sourceTree = "<group>"; };
		46227A3C23C80E1F00768799 /* DeviceTrendAnalysisCell.swift */ = {isa = PBXFileReference; lastKnownFileType = sourcecode.swift; path = DeviceTrendAnalysisCell.swift; sourceTree = "<group>"; };
		46227A3E23C80FA500768799 /* DeviceTrendEvaluationCell.swift */ = {isa = PBXFileReference; lastKnownFileType = sourcecode.swift; path = DeviceTrendEvaluationCell.swift; sourceTree = "<group>"; };
		46227A4023C80FF400768799 /* DeviceTrendTableViewController.swift */ = {isa = PBXFileReference; lastKnownFileType = sourcecode.swift; path = DeviceTrendTableViewController.swift; sourceTree = "<group>"; };
		46227A4223C8231300768799 /* BallonMarker.swift */ = {isa = PBXFileReference; lastKnownFileType = sourcecode.swift; path = BallonMarker.swift; sourceTree = "<group>"; };
		46227A4423C82A4C00768799 /* ViewUtility.swift */ = {isa = PBXFileReference; lastKnownFileType = sourcecode.swift; path = ViewUtility.swift; sourceTree = "<group>"; };
		462D23AD23C076C500C28F15 /* IconPagingCell.swift */ = {isa = PBXFileReference; lastKnownFileType = sourcecode.swift; path = IconPagingCell.swift; sourceTree = "<group>"; };
		4670902B23D3FD1E008777ED /* Device.swift */ = {isa = PBXFileReference; lastKnownFileType = sourcecode.swift; path = Device.swift; sourceTree = "<group>"; };
		4670902D23D430B8008777ED /* DeviceUtility.swift */ = {isa = PBXFileReference; lastKnownFileType = sourcecode.swift; path = DeviceUtility.swift; sourceTree = "<group>"; };
		468BC3C323823738008BD62C /* MQTTService.swift */ = {isa = PBXFileReference; lastKnownFileType = sourcecode.swift; path = MQTTService.swift; sourceTree = "<group>"; };
		468BC3C523824B50008BD62C /* MQTTConfig.swift */ = {isa = PBXFileReference; lastKnownFileType = sourcecode.swift; path = MQTTConfig.swift; sourceTree = "<group>"; };
		468BC3C923829BA4008BD62C /* MQTTTag.swift */ = {isa = PBXFileReference; lastKnownFileType = sourcecode.swift; path = MQTTTag.swift; sourceTree = "<group>"; };
		469BB70A23CAC47700A57C51 /* RoundLabel.swift */ = {isa = PBXFileReference; lastKnownFileType = sourcecode.swift; path = RoundLabel.swift; sourceTree = "<group>"; };
		469BB70C23CAEBB800A57C51 /* TrendEvaluation.swift */ = {isa = PBXFileReference; lastKnownFileType = sourcecode.swift; path = TrendEvaluation.swift; sourceTree = "<group>"; };
		469BB71823CEA1C800A57C51 /* PasswordView.swift */ = {isa = PBXFileReference; lastKnownFileType = sourcecode.swift; path = PasswordView.swift; sourceTree = "<group>"; };
		469BB71E23CEDAC800A57C51 /* PasswordViewController.swift */ = {isa = PBXFileReference; lastKnownFileType = sourcecode.swift; path = PasswordViewController.swift; sourceTree = "<group>"; };
		469BB72023CEFF6D00A57C51 /* VerifyUtility.swift */ = {isa = PBXFileReference; lastKnownFileType = sourcecode.swift; path = VerifyUtility.swift; sourceTree = "<group>"; };
		46B4934E240897800066863D /* FixedDeviceViewController.swift */ = {isa = PBXFileReference; lastKnownFileType = sourcecode.swift; path = FixedDeviceViewController.swift; sourceTree = "<group>"; };
		46B49350240899B50066863D /* FixedInfoChildController.swift */ = {isa = PBXFileReference; lastKnownFileType = sourcecode.swift; path = FixedInfoChildController.swift; sourceTree = "<group>"; };
		46DC53542411D77400217ECD /* QRCodeUtility.swift */ = {isa = PBXFileReference; lastKnownFileType = sourcecode.swift; path = QRCodeUtility.swift; sourceTree = "<group>"; };
		46DC53562411E88A00217ECD /* FixedQRCodeCell.swift */ = {isa = PBXFileReference; lastKnownFileType = sourcecode.swift; path = FixedQRCodeCell.swift; sourceTree = "<group>"; };
		46DC53582411E8D600217ECD /* FixedGotoCell.swift */ = {isa = PBXFileReference; lastKnownFileType = sourcecode.swift; path = FixedGotoCell.swift; sourceTree = "<group>"; };
		46DC535A2412412F00217ECD /* ImageButton.swift */ = {isa = PBXFileReference; lastKnownFileType = sourcecode.swift; path = ImageButton.swift; sourceTree = "<group>"; };
		46DEF19F2399F832008780C3 /* Device.json */ = {isa = PBXFileReference; fileEncoding = 4; lastKnownFileType = text.json; path = Device.json; sourceTree = "<group>"; };
		46DEF1A2239A00F3008780C3 /* DeviceModel.swift */ = {isa = PBXFileReference; lastKnownFileType = sourcecode.swift; path = DeviceModel.swift; sourceTree = "<group>"; };
		46DF04A8240B983A00E3DE65 /* FixedInfoCell.swift */ = {isa = PBXFileReference; lastKnownFileType = sourcecode.swift; path = FixedInfoCell.swift; sourceTree = "<group>"; };
		46DF04AA240CAD6800E3DE65 /* InfoAlertController.swift */ = {isa = PBXFileReference; lastKnownFileType = sourcecode.swift; path = InfoAlertController.swift; sourceTree = "<group>"; };
		46E0E3CF2374074F00116DA2 /* String-Ext.swift */ = {isa = PBXFileReference; lastKnownFileType = sourcecode.swift; path = "String-Ext.swift"; sourceTree = "<group>"; };
		46EBD4772374FDAC00D7E6FC /* User.swift */ = {isa = PBXFileReference; lastKnownFileType = sourcecode.swift; path = User.swift; sourceTree = "<group>"; };
		46EE431C237153DC00DF22FB /* Tag.swift */ = {isa = PBXFileReference; lastKnownFileType = sourcecode.swift; path = Tag.swift; sourceTree = "<group>"; };
		46FB866723BAE87800754E88 /* DevicePageItemSource.swift */ = {isa = PBXFileReference; lastKnownFileType = sourcecode.swift; path = DevicePageItemSource.swift; sourceTree = "<group>"; };
		46FB866923BB17EA00754E88 /* Double-Ext.swift */ = {isa = PBXFileReference; lastKnownFileType = sourcecode.swift; path = "Double-Ext.swift"; sourceTree = "<group>"; };
		46FD46392384C35500A796BC /* TagUtility.swift */ = {isa = PBXFileReference; lastKnownFileType = sourcecode.swift; path = TagUtility.swift; sourceTree = "<group>"; };
		49A018248F37C60BAB1547D4 /* Pods_eds.framework */ = {isa = PBXFileReference; explicitFileType = wrapper.framework; includeInIndex = 0; path = Pods_eds.framework; sourceTree = BUILT_PRODUCTS_DIR; };
		DE5850CFD0236670BF546995 /* Pods-eds.debug.xcconfig */ = {isa = PBXFileReference; includeInIndex = 1; lastKnownFileType = text.xcconfig; name = "Pods-eds.debug.xcconfig"; path = "Target Support Files/Pods-eds/Pods-eds.debug.xcconfig"; sourceTree = "<group>"; };
/* End PBXFileReference section */

/* Begin PBXFrameworksBuildPhase section */
		460F722D236FC14500CFC7C3 /* Frameworks */ = {
			isa = PBXFrameworksBuildPhase;
			buildActionMask = 2147483647;
			files = (
				0788B1ED30AE519DE223717B /* Pods_eds.framework in Frameworks */,
			);
			runOnlyForDeploymentPostprocessing = 0;
		};
/* End PBXFrameworksBuildPhase section */

/* Begin PBXGroup section */
		4605D148237290D300558500 /* Extensions */ = {
			isa = PBXGroup;
			children = (
				4605D14D2372BF6A00558500 /* Date-Ext.swift */,
				46E0E3CF2374074F00116DA2 /* String-Ext.swift */,
				4621273123B5E8F600105664 /* CAGradientLayer-Ext.swift */,
				4621273723B60B9800105664 /* CGPoint-Ext.swift */,
				4621273923B60BE100105664 /* UIColor-Ext.swift */,
				4621273B23B6205200105664 /* UINavigationController-Ext.swift */,
				46FB866923BB17EA00754E88 /* Double-Ext.swift */,
				46100AA123C6D61A00C43D1A /* UIButton-Ext.swift */,
			);
			path = Extensions;
			sourceTree = "<group>";
		};
		460F7227236FC14500CFC7C3 = {
			isa = PBXGroup;
			children = (
				460F7232236FC14500CFC7C3 /* eds */,
				460F7231236FC14500CFC7C3 /* Products */,
				4B0F161A00D52823A59422AA /* Pods */,
				5978C339660E598E17C2ED54 /* Frameworks */,
			);
			sourceTree = "<group>";
		};
		460F7231236FC14500CFC7C3 /* Products */ = {
			isa = PBXGroup;
			children = (
				460F7230236FC14500CFC7C3 /* EDS云管理.app */,
			);
			name = Products;
			sourceTree = "<group>";
		};
		460F7232236FC14500CFC7C3 /* eds */ = {
			isa = PBXGroup;
			children = (
				460F7241236FC14600CFC7C3 /* Info.plist */,
				46100A7623C2CCDB00C43D1A /* Localizable.strings */,
				460F7268236FF93800CFC7C3 /* AppEntry */,
				460F7247236FF3D600CFC7C3 /* Features */,
				460F7261236FF62A00CFC7C3 /* Utilities */,
				460F7260236FF5FA00CFC7C3 /* Helpers */,
				460F7262236FF6A100CFC7C3 /* Resources */,
				4605D148237290D300558500 /* Extensions */,
				460F7267236FF8BE00CFC7C3 /* Others */,
			);
			path = eds;
			sourceTree = "<group>";
		};
		460F7247236FF3D600CFC7C3 /* Features */ = {
			isa = PBXGroup;
			children = (
				460F7248236FF42100CFC7C3 /* Base */,
				460F7269236FFCC200CFC7C3 /* Login */,
				460F7263236FF73D00CFC7C3 /* Home */,
				460F724C236FF45800CFC7C3 /* Device */,
				460F7254236FF52000CFC7C3 /* Alarm */,
				460F7250236FF4E000CFC7C3 /* Workorder */,
				460F7258236FF56300CFC7C3 /* Energy */,
				460F725C236FF5A800CFC7C3 /* Mine */,
			);
			path = Features;
			sourceTree = "<group>";
		};
		460F7248236FF42100CFC7C3 /* Base */ = {
			isa = PBXGroup;
			children = (
				460F724B236FF44000CFC7C3 /* Controllers */,
				460F724A236FF43800CFC7C3 /* Views */,
				460F7249236FF42C00CFC7C3 /* Models */,
			);
			path = Base;
			sourceTree = "<group>";
		};
		460F7249236FF42C00CFC7C3 /* Models */ = {
			isa = PBXGroup;
			children = (
				46FD463723836D5700A796BC /* Tag */,
				46EBD4772374FDAC00D7E6FC /* User.swift */,
				460BA6DC237CFE94008E7CDF /* ProjectAccount.swift */,
				460BA6DE237D2C9A008E7CDF /* PhoneVerification.swift */,
				460BA6D4237A934A008E7CDF /* ProjectInfo.swift */,
				460BA6DA237CE08A008E7CDF /* Action.swift */,
			);
			path = Models;
			sourceTree = "<group>";
		};
		460F724A236FF43800CFC7C3 /* Views */ = {
			isa = PBXGroup;
			children = (
				4607DC7723FCD0AC00E35015 /* AdditionTableHeaderView.swift */,
				469BB70A23CAC47700A57C51 /* RoundLabel.swift */,
				4607DC7B23FE0D0500E35015 /* LooseTextField.swift */,
				46DC535A2412412F00217ECD /* ImageButton.swift */,
			);
			path = Views;
			sourceTree = "<group>";
		};
		460F724B236FF44000CFC7C3 /* Controllers */ = {
			isa = PBXGroup;
			children = (
			);
			path = Controllers;
			sourceTree = "<group>";
		};
		460F724C236FF45800CFC7C3 /* Device */ = {
			isa = PBXGroup;
			children = (
				460F724F236FF4D500CFC7C3 /* Controllers */,
				460F724E236FF4CD00CFC7C3 /* Views */,
				460F724D236FF4BE00CFC7C3 /* Models */,
			);
			path = Device;
			sourceTree = "<group>";
		};
		460F724D236FF4BE00CFC7C3 /* Models */ = {
			isa = PBXGroup;
			children = (
				46DEF1A2239A00F3008780C3 /* DeviceModel.swift */,
				4621272723B1A71A00105664 /* DeviceCellType.swift */,
				46FB866723BAE87800754E88 /* DevicePageItemSource.swift */,
				469BB70C23CAEBB800A57C51 /* TrendEvaluation.swift */,
				4670902B23D3FD1E008777ED /* Device.swift */,
			);
			path = Models;
			sourceTree = "<group>";
		};
		460F724E236FF4CD00CFC7C3 /* Views */ = {
			isa = PBXGroup;
			children = (
				462D23AC23C0765900C28F15 /* DeviceCell */,
				4621273523B5EF6A00105664 /* DeviceHeaderView.swift */,
				462D23AD23C076C500C28F15 /* IconPagingCell.swift */,
				46100A9F23C5AA2500C43D1A /* Device.storyboard */,
				46227A4223C8231300768799 /* BallonMarker.swift */,
				469BB71823CEA1C800A57C51 /* PasswordView.swift */,
			);
			path = Views;
			sourceTree = "<group>";
		};
		460F724F236FF4D500CFC7C3 /* Controllers */ = {
			isa = PBXGroup;
			children = (
				4621271323B197A900105664 /* DeviceListViewController.swift */,
				4621272B23B5CDBA00105664 /* DynamicDeviceViewController.swift */,
				4621272F23B5D95A00105664 /* DevicePageTableViewController.swift */,
				46100A9B23C5665300C43D1A /* DeviceItemMeterViewController.swift */,
				46227A4023C80FF400768799 /* DeviceTrendTableViewController.swift */,
				469BB71E23CEDAC800A57C51 /* PasswordViewController.swift */,
				4607DC7923FE093300E35015 /* DeviceAdditionAlertController.swift */,
				46B4934E240897800066863D /* FixedDeviceViewController.swift */,
				46B49350240899B50066863D /* FixedInfoChildController.swift */,
				46DF04AA240CAD6800E3DE65 /* InfoAlertController.swift */,
			);
			path = Controllers;
			sourceTree = "<group>";
		};
		460F7250236FF4E000CFC7C3 /* Workorder */ = {
			isa = PBXGroup;
			children = (
				460F7253236FF50F00CFC7C3 /* Controllers */,
				460F7252236FF50700CFC7C3 /* Views */,
				460F7251236FF4F200CFC7C3 /* Models */,
			);
			path = Workorder;
			sourceTree = "<group>";
		};
		460F7251236FF4F200CFC7C3 /* Models */ = {
			isa = PBXGroup;
			children = (
				460BA6D6237BCC23008E7CDF /* Workorder.swift */,
			);
			path = Models;
			sourceTree = "<group>";
		};
		460F7252236FF50700CFC7C3 /* Views */ = {
			isa = PBXGroup;
			children = (
			);
			path = Views;
			sourceTree = "<group>";
		};
		460F7253236FF50F00CFC7C3 /* Controllers */ = {
			isa = PBXGroup;
			children = (
			);
			path = Controllers;
			sourceTree = "<group>";
		};
		460F7254236FF52000CFC7C3 /* Alarm */ = {
			isa = PBXGroup;
			children = (
				460F7257236FF54900CFC7C3 /* Controllers */,
				460F7256236FF53B00CFC7C3 /* Views */,
				460F7255236FF52800CFC7C3 /* Models */,
			);
			path = Alarm;
			sourceTree = "<group>";
		};
		460F7255236FF52800CFC7C3 /* Models */ = {
			isa = PBXGroup;
			children = (
				460BA6D8237CDB03008E7CDF /* Alarm.swift */,
			);
			path = Models;
			sourceTree = "<group>";
		};
		460F7256236FF53B00CFC7C3 /* Views */ = {
			isa = PBXGroup;
			children = (
			);
			path = Views;
			sourceTree = "<group>";
		};
		460F7257236FF54900CFC7C3 /* Controllers */ = {
			isa = PBXGroup;
			children = (
			);
			path = Controllers;
			sourceTree = "<group>";
		};
		460F7258236FF56300CFC7C3 /* Energy */ = {
			isa = PBXGroup;
			children = (
				460F725B236FF58000CFC7C3 /* Controllers */,
				460F725A236FF57B00CFC7C3 /* Views */,
				460F7259236FF57300CFC7C3 /* Models */,
			);
			path = Energy;
			sourceTree = "<group>";
		};
		460F7259236FF57300CFC7C3 /* Models */ = {
			isa = PBXGroup;
			children = (
			);
			path = Models;
			sourceTree = "<group>";
		};
		460F725A236FF57B00CFC7C3 /* Views */ = {
			isa = PBXGroup;
			children = (
			);
			path = Views;
			sourceTree = "<group>";
		};
		460F725B236FF58000CFC7C3 /* Controllers */ = {
			isa = PBXGroup;
			children = (
			);
			path = Controllers;
			sourceTree = "<group>";
		};
		460F725C236FF5A800CFC7C3 /* Mine */ = {
			isa = PBXGroup;
			children = (
				460F725F236FF5BE00CFC7C3 /* Controllers */,
				460F725E236FF5B700CFC7C3 /* Views */,
				460F725D236FF5AF00CFC7C3 /* Models */,
			);
			path = Mine;
			sourceTree = "<group>";
		};
		460F725D236FF5AF00CFC7C3 /* Models */ = {
			isa = PBXGroup;
			children = (
			);
			path = Models;
			sourceTree = "<group>";
		};
		460F725E236FF5B700CFC7C3 /* Views */ = {
			isa = PBXGroup;
			children = (
			);
			path = Views;
			sourceTree = "<group>";
		};
		460F725F236FF5BE00CFC7C3 /* Controllers */ = {
			isa = PBXGroup;
			children = (
			);
			path = Controllers;
			sourceTree = "<group>";
		};
		460F7260236FF5FA00CFC7C3 /* Helpers */ = {
			isa = PBXGroup;
			children = (
				468BC3CB23829D8B008BD62C /* Service */,
			);
			path = Helpers;
			sourceTree = "<group>";
		};
		460F7261236FF62A00CFC7C3 /* Utilities */ = {
			isa = PBXGroup;
			children = (
				46FB866D23BB27FB00754E88 /* Tag */,
				460F726F237113B500CFC7C3 /* StringConst.swift */,
				460BA6D0237A4775008E7CDF /* JsonUtility.swift */,
				4621273323B5EA0A00105664 /* UIConst.swift */,
				46227A4423C82A4C00768799 /* ViewUtility.swift */,
				469BB72023CEFF6D00A57C51 /* VerifyUtility.swift */,
				4670902D23D430B8008777ED /* DeviceUtility.swift */,
				46DC53542411D77400217ECD /* QRCodeUtility.swift */,
			);
			path = Utilities;
			sourceTree = "<group>";
		};
		460F7262236FF6A100CFC7C3 /* Resources */ = {
			isa = PBXGroup;
			children = (
				46DEF19F2399F832008780C3 /* Device.json */,
				460F723C236FC14600CFC7C3 /* Assets.xcassets */,
			);
			path = Resources;
			sourceTree = "<group>";
		};
		460F7263236FF73D00CFC7C3 /* Home */ = {
			isa = PBXGroup;
			children = (
				460F7266236FF75300CFC7C3 /* Controllers */,
				460F7265236FF74D00CFC7C3 /* Views */,
				460F7264236FF74600CFC7C3 /* Models */,
			);
			path = Home;
			sourceTree = "<group>";
		};
		460F7264236FF74600CFC7C3 /* Models */ = {
			isa = PBXGroup;
			children = (
			);
			path = Models;
			sourceTree = "<group>";
		};
		460F7265236FF74D00CFC7C3 /* Views */ = {
			isa = PBXGroup;
			children = (
			);
			path = Views;
			sourceTree = "<group>";
		};
		460F7266236FF75300CFC7C3 /* Controllers */ = {
			isa = PBXGroup;
			children = (
			);
			path = Controllers;
			sourceTree = "<group>";
		};
		460F7267236FF8BE00CFC7C3 /* Others */ = {
			isa = PBXGroup;
			children = (
			);
			path = Others;
			sourceTree = "<group>";
		};
		460F7268236FF93800CFC7C3 /* AppEntry */ = {
			isa = PBXGroup;
			children = (
				460F7237236FC14500CFC7C3 /* ViewController.swift */,
				460F7239236FC14500CFC7C3 /* Main.storyboard */,
				460F7233236FC14500CFC7C3 /* AppDelegate.swift */,
				460F7235236FC14500CFC7C3 /* SceneDelegate.swift */,
				460F723E236FC14600CFC7C3 /* LaunchScreen.storyboard */,
			);
			path = AppEntry;
			sourceTree = "<group>";
		};
		460F7269236FFCC200CFC7C3 /* Login */ = {
			isa = PBXGroup;
			children = (
				460F726C236FFCE100CFC7C3 /* Controllers */,
				460F726B236FFCDB00CFC7C3 /* Views */,
				460F726A236FFCD200CFC7C3 /* Models */,
			);
			path = Login;
			sourceTree = "<group>";
		};
		460F726A236FFCD200CFC7C3 /* Models */ = {
			isa = PBXGroup;
			children = (
			);
			path = Models;
			sourceTree = "<group>";
		};
		460F726B236FFCDB00CFC7C3 /* Views */ = {
			isa = PBXGroup;
			children = (
			);
			path = Views;
			sourceTree = "<group>";
		};
		460F726C236FFCE100CFC7C3 /* Controllers */ = {
			isa = PBXGroup;
			children = (
			);
			path = Controllers;
			sourceTree = "<group>";
		};
		462D23AC23C0765900C28F15 /* DeviceCell */ = {
			isa = PBXGroup;
			children = (
				4621271823B19FF200105664 /* DeviceAtsStatusCell.swift */,
				4621271D23B19FF400105664 /* DeviceBarCell.swift */,
				4621271923B19FF200105664 /* DeviceButtonCell.swift */,
				4621271523B19FF100105664 /* DeviceDynamicCell.swift */,
				4621271B23B19FF300105664 /* DeviceListCell.swift */,
				4621271A23B19FF200105664 /* DeviceOnOffCell.swift */,
				4621271C23B19FF300105664 /* DeviceRangeCell.swift */,
				4621271723B19FF100105664 /* DeviceFixedCell.swift */,
				4621271623B19FF100105664 /* DeviceTextCell.swift */,
				46227A3A23C80D4F00768799 /* DeviceTrendChartCell.swift */,
				46227A3C23C80E1F00768799 /* DeviceTrendAnalysisCell.swift */,
				46227A3E23C80FA500768799 /* DeviceTrendEvaluationCell.swift */,
				46DF04A8240B983A00E3DE65 /* FixedInfoCell.swift */,
				46DC53562411E88A00217ECD /* FixedQRCodeCell.swift */,
				46DC53582411E8D600217ECD /* FixedGotoCell.swift */,
			);
			path = DeviceCell;
			sourceTree = "<group>";
		};
		468BC3CB23829D8B008BD62C /* Service */ = {
			isa = PBXGroup;
			children = (
				460F726D2371111100CFC7C3 /* WAService.swift */,
				460BA6D2237A7ABB008E7CDF /* EDSService.swift */,
				460F727123711D8900CFC7C3 /* EDSConfig.swift */,
				468BC3C323823738008BD62C /* MQTTService.swift */,
				468BC3C523824B50008BD62C /* MQTTConfig.swift */,
			);
			path = Service;
			sourceTree = "<group>";
		};
		46FB866D23BB27FB00754E88 /* Tag */ = {
			isa = PBXGroup;
			children = (
				46FD46392384C35500A796BC /* TagUtility.swift */,
				4621272923B332B500105664 /* TagValueConverter.swift */,
			);
			path = Tag;
			sourceTree = "<group>";
		};
		46FD463723836D5700A796BC /* Tag */ = {
			isa = PBXGroup;
			children = (
				46EE431C237153DC00DF22FB /* Tag.swift */,
				4605D14B237297E100558500 /* LogTag.swift */,
				468BC3C923829BA4008BD62C /* MQTTTag.swift */,
			);
			path = Tag;
			sourceTree = "<group>";
		};
		4B0F161A00D52823A59422AA /* Pods */ = {
			isa = PBXGroup;
			children = (
				DE5850CFD0236670BF546995 /* Pods-eds.debug.xcconfig */,
				11812BFF5D5618F49FD03B4D /* Pods-eds.release.xcconfig */,
			);
			path = Pods;
			sourceTree = "<group>";
		};
		5978C339660E598E17C2ED54 /* Frameworks */ = {
			isa = PBXGroup;
			children = (
				49A018248F37C60BAB1547D4 /* Pods_eds.framework */,
			);
			name = Frameworks;
			sourceTree = "<group>";
		};
/* End PBXGroup section */

/* Begin PBXNativeTarget section */
		460F722F236FC14500CFC7C3 /* eds */ = {
			isa = PBXNativeTarget;
			buildConfigurationList = 460F7244236FC14600CFC7C3 /* Build configuration list for PBXNativeTarget "eds" */;
			buildPhases = (
				53016CDA343282DAD7ABE80F /* [CP] Check Pods Manifest.lock */,
				460F722C236FC14500CFC7C3 /* Sources */,
				460F722D236FC14500CFC7C3 /* Frameworks */,
				460F722E236FC14500CFC7C3 /* Resources */,
				0BCAA1876371A8FD30A8EAC9 /* [CP] Embed Pods Frameworks */,
			);
			buildRules = (
			);
			dependencies = (
			);
			name = eds;
			productName = eds;
			productReference = 460F7230236FC14500CFC7C3 /* EDS云管理.app */;
			productType = "com.apple.product-type.application";
		};
/* End PBXNativeTarget section */

/* Begin PBXProject section */
		460F7228236FC14500CFC7C3 /* Project object */ = {
			isa = PBXProject;
			attributes = {
				LastSwiftUpdateCheck = 1100;
				LastUpgradeCheck = 1100;
				ORGANIZATIONNAME = "厦门士林电机有限公司";
				TargetAttributes = {
					460F722F236FC14500CFC7C3 = {
						CreatedOnToolsVersion = 11.0;
					};
				};
			};
			buildConfigurationList = 460F722B236FC14500CFC7C3 /* Build configuration list for PBXProject "eds" */;
			compatibilityVersion = "Xcode 9.3";
			developmentRegion = en;
			hasScannedForEncodings = 0;
			knownRegions = (
				en,
				Base,
				"zh-Hans",
			);
			mainGroup = 460F7227236FC14500CFC7C3;
			productRefGroup = 460F7231236FC14500CFC7C3 /* Products */;
			projectDirPath = "";
			projectRoot = "";
			targets = (
				460F722F236FC14500CFC7C3 /* eds */,
			);
		};
/* End PBXProject section */

/* Begin PBXResourcesBuildPhase section */
		460F722E236FC14500CFC7C3 /* Resources */ = {
			isa = PBXResourcesBuildPhase;
			buildActionMask = 2147483647;
			files = (
				46100AA023C5AA2500C43D1A /* Device.storyboard in Resources */,
				46100A7823C2CCDB00C43D1A /* Localizable.strings in Resources */,
				460F7240236FC14600CFC7C3 /* LaunchScreen.storyboard in Resources */,
				460F723D236FC14600CFC7C3 /* Assets.xcassets in Resources */,
				460F723B236FC14500CFC7C3 /* Main.storyboard in Resources */,
				46DEF1A02399F832008780C3 /* Device.json in Resources */,
			);
			runOnlyForDeploymentPostprocessing = 0;
		};
/* End PBXResourcesBuildPhase section */

/* Begin PBXShellScriptBuildPhase section */
		0BCAA1876371A8FD30A8EAC9 /* [CP] Embed Pods Frameworks */ = {
			isa = PBXShellScriptBuildPhase;
			buildActionMask = 2147483647;
			files = (
			);
			inputFileListPaths = (
				"${PODS_ROOT}/Target Support Files/Pods-eds/Pods-eds-frameworks-${CONFIGURATION}-input-files.xcfilelist",
			);
			name = "[CP] Embed Pods Frameworks";
			outputFileListPaths = (
				"${PODS_ROOT}/Target Support Files/Pods-eds/Pods-eds-frameworks-${CONFIGURATION}-output-files.xcfilelist",
			);
			runOnlyForDeploymentPostprocessing = 0;
			shellPath = /bin/sh;
			shellScript = "\"${PODS_ROOT}/Target Support Files/Pods-eds/Pods-eds-frameworks.sh\"\n";
			showEnvVarsInLog = 0;
		};
		53016CDA343282DAD7ABE80F /* [CP] Check Pods Manifest.lock */ = {
			isa = PBXShellScriptBuildPhase;
			buildActionMask = 2147483647;
			files = (
			);
			inputFileListPaths = (
			);
			inputPaths = (
				"${PODS_PODFILE_DIR_PATH}/Podfile.lock",
				"${PODS_ROOT}/Manifest.lock",
			);
			name = "[CP] Check Pods Manifest.lock";
			outputFileListPaths = (
			);
			outputPaths = (
				"$(DERIVED_FILE_DIR)/Pods-eds-checkManifestLockResult.txt",
			);
			runOnlyForDeploymentPostprocessing = 0;
			shellPath = /bin/sh;
			shellScript = "diff \"${PODS_PODFILE_DIR_PATH}/Podfile.lock\" \"${PODS_ROOT}/Manifest.lock\" > /dev/null\nif [ $? != 0 ] ; then\n    # print error to STDERR\n    echo \"error: The sandbox is not in sync with the Podfile.lock. Run 'pod install' or update your CocoaPods installation.\" >&2\n    exit 1\nfi\n# This output is used by Xcode 'outputs' to avoid re-running this script phase.\necho \"SUCCESS\" > \"${SCRIPT_OUTPUT_FILE_0}\"\n";
			showEnvVarsInLog = 0;
		};
/* End PBXShellScriptBuildPhase section */

/* Begin PBXSourcesBuildPhase section */
		460F722C236FC14500CFC7C3 /* Sources */ = {
			isa = PBXSourcesBuildPhase;
			buildActionMask = 2147483647;
			files = (
				4670902C23D3FD1E008777ED /* Device.swift in Sources */,
				460F726E2371111100CFC7C3 /* WAService.swift in Sources */,
				4621272C23B5CDBA00105664 /* DynamicDeviceViewController.swift in Sources */,
				46FB866823BAE87800754E88 /* DevicePageItemSource.swift in Sources */,
				4621272023B19FF400105664 /* DeviceFixedCell.swift in Sources */,
				4605D14C237297E100558500 /* LogTag.swift in Sources */,
				4621272A23B332B500105664 /* TagValueConverter.swift in Sources */,
				4621272223B19FF400105664 /* DeviceButtonCell.swift in Sources */,
				4621272323B19FF400105664 /* DeviceOnOffCell.swift in Sources */,
				46B49351240899B50066863D /* FixedInfoChildController.swift in Sources */,
				46E0E3D02374074F00116DA2 /* String-Ext.swift in Sources */,
				460BA6D9237CDB03008E7CDF /* Alarm.swift in Sources */,
				4621272423B19FF400105664 /* DeviceListCell.swift in Sources */,
				46DC53572411E88A00217ECD /* FixedQRCodeCell.swift in Sources */,
				46227A3D23C80E1F00768799 /* DeviceTrendAnalysisCell.swift in Sources */,
				460F7238236FC14500CFC7C3 /* ViewController.swift in Sources */,
				4621271E23B19FF400105664 /* DeviceDynamicCell.swift in Sources */,
				46DEF1A3239A00F3008780C3 /* DeviceModel.swift in Sources */,
				46DC535B2412412F00217ECD /* ImageButton.swift in Sources */,
				4621272523B19FF400105664 /* DeviceRangeCell.swift in Sources */,
				4621273C23B6205200105664 /* UINavigationController-Ext.swift in Sources */,
				460F7234236FC14500CFC7C3 /* AppDelegate.swift in Sources */,
				46227A4123C80FF400768799 /* DeviceTrendTableViewController.swift in Sources */,
				460BA6D7237BCC23008E7CDF /* Workorder.swift in Sources */,
				468BC3C423823738008BD62C /* MQTTService.swift in Sources */,
				4670902E23D430B8008777ED /* DeviceUtility.swift in Sources */,
				4621273A23B60BE100105664 /* UIColor-Ext.swift in Sources */,
				46EE431D237153DC00DF22FB /* Tag.swift in Sources */,
				4607DC7A23FE093300E35015 /* DeviceAdditionAlertController.swift in Sources */,
				460BA6D1237A4775008E7CDF /* JsonUtility.swift in Sources */,
				468BC3CA23829BA4008BD62C /* MQTTTag.swift in Sources */,
				460BA6DB237CE08A008E7CDF /* Action.swift in Sources */,
				469BB70D23CAEBB800A57C51 /* TrendEvaluation.swift in Sources */,
				46227A3F23C80FA500768799 /* DeviceTrendEvaluationCell.swift in Sources */,
				469BB70B23CAC47700A57C51 /* RoundLabel.swift in Sources */,
				46DC53592411E8D600217ECD /* FixedGotoCell.swift in Sources */,
				4607DC7823FCD0AD00E35015 /* AdditionTableHeaderView.swift in Sources */,
				460F7236236FC14500CFC7C3 /* SceneDelegate.swift in Sources */,
				460BA6D3237A7ABB008E7CDF /* EDSService.swift in Sources */,
				469BB71923CEA1C800A57C51 /* PasswordView.swift in Sources */,
				460BA6DF237D2C9A008E7CDF /* PhoneVerification.swift in Sources */,
				4621273623B5EF6A00105664 /* DeviceHeaderView.swift in Sources */,
				46FB866A23BB17EA00754E88 /* Double-Ext.swift in Sources */,
				46B4934F240897800066863D /* FixedDeviceViewController.swift in Sources */,
				4621272123B19FF400105664 /* DeviceAtsStatusCell.swift in Sources */,
				46100AA223C6D61A00C43D1A /* UIButton-Ext.swift in Sources */,
				4605D14E2372BF6A00558500 /* Date-Ext.swift in Sources */,
				4621271F23B19FF400105664 /* DeviceTextCell.swift in Sources */,
				468BC3C623824B50008BD62C /* MQTTConfig.swift in Sources */,
				46DC53552411D77400217ECD /* QRCodeUtility.swift in Sources */,
				46227A3B23C80D4F00768799 /* DeviceTrendChartCell.swift in Sources */,
				469BB71F23CEDAC800A57C51 /* PasswordViewController.swift in Sources */,
				46100A9C23C5665300C43D1A /* DeviceItemMeterViewController.swift in Sources */,
				46227A4323C8231300768799 /* BallonMarker.swift in Sources */,
				460F7270237113B500CFC7C3 /* StringConst.swift in Sources */,
				4621273823B60B9800105664 /* CGPoint-Ext.swift in Sources */,
				4621272623B19FF400105664 /* DeviceBarCell.swift in Sources */,
				4621273223B5E8F600105664 /* CAGradientLayer-Ext.swift in Sources */,
				4621273423B5EA0A00105664 /* UIConst.swift in Sources */,
				460BA6D5237A934A008E7CDF /* ProjectInfo.swift in Sources */,
				46227A4523C82A4C00768799 /* ViewUtility.swift in Sources */,
				4621272823B1A71A00105664 /* DeviceCellType.swift in Sources */,
				469BB72123CEFF6D00A57C51 /* VerifyUtility.swift in Sources */,
				460F727223711D8900CFC7C3 /* EDSConfig.swift in Sources */,
				4621271423B197A900105664 /* DeviceListViewController.swift in Sources */,
				46EBD4782374FDAC00D7E6FC /* User.swift in Sources */,
				462D23AE23C076C500C28F15 /* IconPagingCell.swift in Sources */,
				4621273023B5D95A00105664 /* DevicePageTableViewController.swift in Sources */,
				46DF04AB240CAD6800E3DE65 /* InfoAlertController.swift in Sources */,
				4607DC7C23FE0D0500E35015 /* LooseTextField.swift in Sources */,
				46FD463A2384C35500A796BC /* TagUtility.swift in Sources */,
				460BA6DD237CFE94008E7CDF /* ProjectAccount.swift in Sources */,
				46DF04A9240B983A00E3DE65 /* FixedInfoCell.swift in Sources */,
			);
			runOnlyForDeploymentPostprocessing = 0;
		};
/* End PBXSourcesBuildPhase section */

/* Begin PBXVariantGroup section */
		460F7239236FC14500CFC7C3 /* Main.storyboard */ = {
			isa = PBXVariantGroup;
			children = (
				460F723A236FC14500CFC7C3 /* Base */,
				46100A7223C2C97000C43D1A /* zh-Hans */,
			);
			name = Main.storyboard;
			sourceTree = "<group>";
		};
		460F723E236FC14600CFC7C3 /* LaunchScreen.storyboard */ = {
			isa = PBXVariantGroup;
			children = (
				460F723F236FC14600CFC7C3 /* Base */,
				46100A7323C2C97100C43D1A /* zh-Hans */,
			);
			name = LaunchScreen.storyboard;
			sourceTree = "<group>";
		};
		46100A7623C2CCDB00C43D1A /* Localizable.strings */ = {
			isa = PBXVariantGroup;
			children = (
				46100A7723C2CCDB00C43D1A /* zh-Hans */,
			);
			name = Localizable.strings;
			sourceTree = "<group>";
		};
/* End PBXVariantGroup section */

/* Begin XCBuildConfiguration section */
		460F7242236FC14600CFC7C3 /* Debug */ = {
			isa = XCBuildConfiguration;
			buildSettings = {
				ALWAYS_SEARCH_USER_PATHS = NO;
				CLANG_ANALYZER_LOCALIZABILITY_NONLOCALIZED = YES;
				CLANG_ANALYZER_NONNULL = YES;
				CLANG_ANALYZER_NUMBER_OBJECT_CONVERSION = YES_AGGRESSIVE;
				CLANG_CXX_LANGUAGE_STANDARD = "gnu++14";
				CLANG_CXX_LIBRARY = "libc++";
				CLANG_ENABLE_MODULES = YES;
				CLANG_ENABLE_OBJC_ARC = YES;
				CLANG_ENABLE_OBJC_WEAK = YES;
				CLANG_WARN_BLOCK_CAPTURE_AUTORELEASING = YES;
				CLANG_WARN_BOOL_CONVERSION = YES;
				CLANG_WARN_COMMA = YES;
				CLANG_WARN_CONSTANT_CONVERSION = YES;
				CLANG_WARN_DEPRECATED_OBJC_IMPLEMENTATIONS = YES;
				CLANG_WARN_DIRECT_OBJC_ISA_USAGE = YES_ERROR;
				CLANG_WARN_DOCUMENTATION_COMMENTS = YES;
				CLANG_WARN_EMPTY_BODY = YES;
				CLANG_WARN_ENUM_CONVERSION = YES;
				CLANG_WARN_INFINITE_RECURSION = YES;
				CLANG_WARN_INT_CONVERSION = YES;
				CLANG_WARN_NON_LITERAL_NULL_CONVERSION = YES;
				CLANG_WARN_OBJC_IMPLICIT_RETAIN_SELF = YES;
				CLANG_WARN_OBJC_LITERAL_CONVERSION = YES;
				CLANG_WARN_OBJC_ROOT_CLASS = YES_ERROR;
				CLANG_WARN_RANGE_LOOP_ANALYSIS = YES;
				CLANG_WARN_STRICT_PROTOTYPES = YES;
				CLANG_WARN_SUSPICIOUS_MOVE = YES;
				CLANG_WARN_UNGUARDED_AVAILABILITY = YES_AGGRESSIVE;
				CLANG_WARN_UNREACHABLE_CODE = YES;
				CLANG_WARN__DUPLICATE_METHOD_MATCH = YES;
				COPY_PHASE_STRIP = NO;
				DEBUG_INFORMATION_FORMAT = dwarf;
				ENABLE_STRICT_OBJC_MSGSEND = YES;
				ENABLE_TESTABILITY = YES;
				GCC_C_LANGUAGE_STANDARD = gnu11;
				GCC_DYNAMIC_NO_PIC = NO;
				GCC_NO_COMMON_BLOCKS = YES;
				GCC_OPTIMIZATION_LEVEL = 0;
				GCC_PREPROCESSOR_DEFINITIONS = (
					"DEBUG=1",
					"$(inherited)",
				);
				GCC_WARN_64_TO_32_BIT_CONVERSION = YES;
				GCC_WARN_ABOUT_RETURN_TYPE = YES_ERROR;
				GCC_WARN_UNDECLARED_SELECTOR = YES;
				GCC_WARN_UNINITIALIZED_AUTOS = YES_AGGRESSIVE;
				GCC_WARN_UNUSED_FUNCTION = YES;
				GCC_WARN_UNUSED_VARIABLE = YES;
				IPHONEOS_DEPLOYMENT_TARGET = 13.0;
				MTL_ENABLE_DEBUG_INFO = INCLUDE_SOURCE;
				MTL_FAST_MATH = YES;
				ONLY_ACTIVE_ARCH = YES;
				SDKROOT = iphoneos;
				SWIFT_ACTIVE_COMPILATION_CONDITIONS = DEBUG;
				SWIFT_OPTIMIZATION_LEVEL = "-Onone";
			};
			name = Debug;
		};
		460F7243236FC14600CFC7C3 /* Release */ = {
			isa = XCBuildConfiguration;
			buildSettings = {
				ALWAYS_SEARCH_USER_PATHS = NO;
				CLANG_ANALYZER_LOCALIZABILITY_NONLOCALIZED = YES;
				CLANG_ANALYZER_NONNULL = YES;
				CLANG_ANALYZER_NUMBER_OBJECT_CONVERSION = YES_AGGRESSIVE;
				CLANG_CXX_LANGUAGE_STANDARD = "gnu++14";
				CLANG_CXX_LIBRARY = "libc++";
				CLANG_ENABLE_MODULES = YES;
				CLANG_ENABLE_OBJC_ARC = YES;
				CLANG_ENABLE_OBJC_WEAK = YES;
				CLANG_WARN_BLOCK_CAPTURE_AUTORELEASING = YES;
				CLANG_WARN_BOOL_CONVERSION = YES;
				CLANG_WARN_COMMA = YES;
				CLANG_WARN_CONSTANT_CONVERSION = YES;
				CLANG_WARN_DEPRECATED_OBJC_IMPLEMENTATIONS = YES;
				CLANG_WARN_DIRECT_OBJC_ISA_USAGE = YES_ERROR;
				CLANG_WARN_DOCUMENTATION_COMMENTS = YES;
				CLANG_WARN_EMPTY_BODY = YES;
				CLANG_WARN_ENUM_CONVERSION = YES;
				CLANG_WARN_INFINITE_RECURSION = YES;
				CLANG_WARN_INT_CONVERSION = YES;
				CLANG_WARN_NON_LITERAL_NULL_CONVERSION = YES;
				CLANG_WARN_OBJC_IMPLICIT_RETAIN_SELF = YES;
				CLANG_WARN_OBJC_LITERAL_CONVERSION = YES;
				CLANG_WARN_OBJC_ROOT_CLASS = YES_ERROR;
				CLANG_WARN_RANGE_LOOP_ANALYSIS = YES;
				CLANG_WARN_STRICT_PROTOTYPES = YES;
				CLANG_WARN_SUSPICIOUS_MOVE = YES;
				CLANG_WARN_UNGUARDED_AVAILABILITY = YES_AGGRESSIVE;
				CLANG_WARN_UNREACHABLE_CODE = YES;
				CLANG_WARN__DUPLICATE_METHOD_MATCH = YES;
				COPY_PHASE_STRIP = NO;
				DEBUG_INFORMATION_FORMAT = "dwarf-with-dsym";
				ENABLE_NS_ASSERTIONS = NO;
				ENABLE_STRICT_OBJC_MSGSEND = YES;
				GCC_C_LANGUAGE_STANDARD = gnu11;
				GCC_NO_COMMON_BLOCKS = YES;
				GCC_WARN_64_TO_32_BIT_CONVERSION = YES;
				GCC_WARN_ABOUT_RETURN_TYPE = YES_ERROR;
				GCC_WARN_UNDECLARED_SELECTOR = YES;
				GCC_WARN_UNINITIALIZED_AUTOS = YES_AGGRESSIVE;
				GCC_WARN_UNUSED_FUNCTION = YES;
				GCC_WARN_UNUSED_VARIABLE = YES;
				IPHONEOS_DEPLOYMENT_TARGET = 13.0;
				MTL_ENABLE_DEBUG_INFO = NO;
				MTL_FAST_MATH = YES;
				SDKROOT = iphoneos;
				SWIFT_COMPILATION_MODE = wholemodule;
				SWIFT_OPTIMIZATION_LEVEL = "-O";
				VALIDATE_PRODUCT = YES;
			};
			name = Release;
		};
		460F7245236FC14600CFC7C3 /* Debug */ = {
			isa = XCBuildConfiguration;
			baseConfigurationReference = DE5850CFD0236670BF546995 /* Pods-eds.debug.xcconfig */;
			buildSettings = {
				ASSETCATALOG_COMPILER_APPICON_NAME = AppIcon;
				CODE_SIGN_ENTITLEMENTS = "eds/EDS云管理.entitlements";
				CODE_SIGN_STYLE = Automatic;
				DEVELOPMENT_TEAM = DB24XNH42B;
				INFOPLIST_FILE = eds/Info.plist;
				LD_RUNPATH_SEARCH_PATHS = (
					"$(inherited)",
					"@executable_path/Frameworks",
				);
				PRODUCT_BUNDLE_IDENTIFIER = com.xseec.eds;
				PRODUCT_NAME = "EDS云管理";
				SWIFT_VERSION = 5.0;
				TARGETED_DEVICE_FAMILY = "1,2";
			};
			name = Debug;
		};
		460F7246236FC14600CFC7C3 /* Release */ = {
			isa = XCBuildConfiguration;
			baseConfigurationReference = 11812BFF5D5618F49FD03B4D /* Pods-eds.release.xcconfig */;
			buildSettings = {
				ASSETCATALOG_COMPILER_APPICON_NAME = AppIcon;
				CODE_SIGN_ENTITLEMENTS = "eds/EDS云管理.entitlements";
				CODE_SIGN_STYLE = Automatic;
				DEVELOPMENT_TEAM = DB24XNH42B;
				INFOPLIST_FILE = eds/Info.plist;
				LD_RUNPATH_SEARCH_PATHS = (
					"$(inherited)",
					"@executable_path/Frameworks",
				);
				PRODUCT_BUNDLE_IDENTIFIER = com.xseec.eds;
				PRODUCT_NAME = "EDS云管理";
				SWIFT_VERSION = 5.0;
				TARGETED_DEVICE_FAMILY = "1,2";
			};
			name = Release;
		};
/* End XCBuildConfiguration section */

/* Begin XCConfigurationList section */
		460F722B236FC14500CFC7C3 /* Build configuration list for PBXProject "eds" */ = {
			isa = XCConfigurationList;
			buildConfigurations = (
				460F7242236FC14600CFC7C3 /* Debug */,
				460F7243236FC14600CFC7C3 /* Release */,
			);
			defaultConfigurationIsVisible = 0;
			defaultConfigurationName = Release;
		};
		460F7244236FC14600CFC7C3 /* Build configuration list for PBXNativeTarget "eds" */ = {
			isa = XCConfigurationList;
			buildConfigurations = (
				460F7245236FC14600CFC7C3 /* Debug */,
				460F7246236FC14600CFC7C3 /* Release */,
			);
			defaultConfigurationIsVisible = 0;
			defaultConfigurationName = Release;
		};
/* End XCConfigurationList section */
	};
	rootObject = 460F7228236FC14500CFC7C3 /* Project object */;
}
